
Microsoft Visual Studio Solution File, Format Version 12.00
# Visual Studio Version 17
VisualStudioVersion = 17.0.31903.59
MinimumVisualStudioVersion = 10.0.40219.1
Project("{2150E333-8FDC-42A3-9474-1A3956D46DE8}") = "src", "src", "{4D1EF127-A172-4EB6-9E3D-4658A9A66286}"
EndProject
Project("{FAE04EC0-301F-11D3-BF4B-00C04F79EFBC}") = "BetterMe.Shared", "src\BetterMe.Shared\BetterMe.Shared.csproj", "{8FFFD39A-3854-404E-A3CB-98CA19EFD410}"
EndProject
Project("{FAE04EC0-301F-11D3-BF4B-00C04F79EFBC}") = "BetterMe.Infrastructure", "src\BetterMe.Infrastructure\BetterMe.Infrastructure.csproj", "{966B4D2D-CC76-4E02-BECD-6404C4E7E266}"
EndProject
Project("{FAE04EC0-301F-11D3-BF4B-00C04F79EFBC}") = "BetterMe.API", "src\BetterMe.API\BetterMe.API.csproj", "{A333ACC3-3814-4945-8948-177E85EB00EC}"
EndProject
Project("{FAE04EC0-301F-11D3-BF4B-00C04F79EFBC}") = "BetterMe.Web", "src\BetterMe.Web\BetterMe.Web.csproj", "{2C364102-0527-42D5-9CCC-E3D22765B8EF}"
EndProject
Global
	GlobalSection(SolutionConfigurationPlatforms) = preSolution
		Debug|Any CPU = Debug|Any CPU
		Release|Any CPU = Release|Any CPU
	EndGlobalSection
	GlobalSection(SolutionProperties) = preSolution
		HideSolutionNode = FALSE
	EndGlobalSection
	GlobalSection(ProjectConfigurationPlatforms) = postSolution
		{8FFFD39A-3854-404E-A3CB-98CA19EFD410}.Debug|Any CPU.ActiveCfg = Debug|Any CPU
		{8FFFD39A-3854-404E-A3CB-98CA19EFD410}.Debug|Any CPU.Build.0 = Debug|Any CPU
		{8FFFD39A-3854-404E-A3CB-98CA19EFD410}.Release|Any CPU.ActiveCfg = Release|Any CPU
		{8FFFD39A-3854-404E-A3CB-98CA19EFD410}.Release|Any CPU.Build.0 = Release|Any CPU
		{966B4D2D-CC76-4E02-BECD-6404C4E7E266}.Debug|Any CPU.ActiveCfg = Debug|Any CPU
		{966B4D2D-CC76-4E02-BECD-6404C4E7E266}.Debug|Any CPU.Build.0 = Debug|Any CPU
		{966B4D2D-CC76-4E02-BECD-6404C4E7E266}.Release|Any CPU.ActiveCfg = Release|Any CPU
		{966B4D2D-CC76-4E02-BECD-6404C4E7E266}.Release|Any CPU.Build.0 = Release|Any CPU
		{A333ACC3-3814-4945-8948-177E85EB00EC}.Debug|Any CPU.ActiveCfg = Debug|Any CPU
		{A333ACC3-3814-4945-8948-177E85EB00EC}.Debug|Any CPU.Build.0 = Debug|Any CPU
		{A333ACC3-3814-4945-8948-177E85EB00EC}.Release|Any CPU.ActiveCfg = Release|Any CPU
		{A333ACC3-3814-4945-8948-177E85EB00EC}.Release|Any CPU.Build.0 = Release|Any CPU
		{2C364102-0527-42D5-9CCC-E3D22765B8EF}.Debug|Any CPU.ActiveCfg = Debug|Any CPU
		{2C364102-0527-42D5-9CCC-E3D22765B8EF}.Debug|Any CPU.Build.0 = Debug|Any CPU
		{2C364102-0527-42D5-9CCC-E3D22765B8EF}.Release|Any CPU.ActiveCfg = Release|Any CPU
		{2C364102-0527-42D5-9CCC-E3D22765B8EF}.Release|Any CPU.Build.0 = Release|Any CPU
	EndGlobalSection
	GlobalSection(NestedProjects) = preSolution
		{8FFFD39A-3854-404E-A3CB-98CA19EFD410} = {4D1EF127-A172-4EB6-9E3D-4658A9A66286}
		{966B4D2D-CC76-4E02-BECD-6404C4E7E266} = {4D1EF127-A172-4EB6-9E3D-4658A9A66286}
		{A333ACC3-3814-4945-8948-177E85EB00EC} = {4D1EF127-A172-4EB6-9E3D-4658A9A66286}
		{2C364102-0527-42D5-9CCC-E3D22765B8EF} = {4D1EF127-A172-4EB6-9E3D-4658A9A66286}
	EndGlobalSection
EndGlobal
